
Microsoft Visual Studio Solution File, Format Version 12.00
# Visual Studio 15
VisualStudioVersion = 15.0.26913.0
MinimumVisualStudioVersion = 10.0.40219.1
Project("{9A19103F-16F7-4668-BE54-9A1E7A4F7556}") = "RoslynCodeTaskFactory", "RoslynCodeTaskFactory\RoslynCodeTaskFactory.csproj", "{25886413-E01F-4D3C-89A5-431B3C2C46A8}"
EndProject
Project("{9A19103F-16F7-4668-BE54-9A1E7A4F7556}") = "NETStandardReferenceAssemblies", "NETStandardReferenceAssemblies\NETStandardReferenceAssemblies.csproj", "{E5D1C687-ADEF-4526-A445-C0501EFB1822}"
EndProject
Project("{FAE04EC0-301F-11D3-BF4B-00C04F79EFBC}") = "RoslynCodeTaskFactory.UnitTests", "RoslynCodeTaskFactory.UnitTests\RoslynCodeTaskFactory.UnitTests.csproj", "{AF5955B5-5FC0-45A6-BD75-089A16C73A6A}"
EndProject
Global
	GlobalSection(SolutionConfigurationPlatforms) = preSolution
		Debug|Any CPU = Debug|Any CPU
		Release|Any CPU = Release|Any CPU
	EndGlobalSection
	GlobalSection(ProjectConfigurationPlatforms) = postSolution
		{25886413-E01F-4D3C-89A5-431B3C2C46A8}.Debug|Any CPU.ActiveCfg = Debug|Any CPU
		{25886413-E01F-4D3C-89A5-431B3C2C46A8}.Debug|Any CPU.Build.0 = Debug|Any CPU
		{25886413-E01F-4D3C-89A5-431B3C2C46A8}.Release|Any CPU.ActiveCfg = Release|Any CPU
		{25886413-E01F-4D3C-89A5-431B3C2C46A8}.Release|Any CPU.Build.0 = Release|Any CPU
		{E5D1C687-ADEF-4526-A445-C0501EFB1822}.Debug|Any CPU.ActiveCfg = Debug|Any CPU
		{E5D1C687-ADEF-4526-A445-C0501EFB1822}.Debug|Any CPU.Build.0 = Debug|Any CPU
		{E5D1C687-ADEF-4526-A445-C0501EFB1822}.Release|Any CPU.ActiveCfg = Release|Any CPU
		{E5D1C687-ADEF-4526-A445-C0501EFB1822}.Release|Any CPU.Build.0 = Release|Any CPU
		{AF5955B5-5FC0-45A6-BD75-089A16C73A6A}.Debug|Any CPU.ActiveCfg = Debug|Any CPU
		{AF5955B5-5FC0-45A6-BD75-089A16C73A6A}.Debug|Any CPU.Build.0 = Debug|Any CPU
		{AF5955B5-5FC0-45A6-BD75-089A16C73A6A}.Release|Any CPU.ActiveCfg = Release|Any CPU
		{AF5955B5-5FC0-45A6-BD75-089A16C73A6A}.Release|Any CPU.Build.0 = Release|Any CPU
	EndGlobalSection
	GlobalSection(SolutionProperties) = preSolution
		HideSolutionNode = FALSE
	EndGlobalSection
	GlobalSection(ExtensibilityGlobals) = postSolution
		SolutionGuid = {3BD9DB96-4954-46BF-B24C-81405198C75B}
	EndGlobalSection
EndGlobal
