
Microsoft Visual Studio Solution File, Format Version 12.00
# Visual Studio 15
VisualStudioVersion = 15.0.26913.0
MinimumVisualStudioVersion = 10.0.40219.1
Project("{FAE04EC0-301F-11D3-BF4B-00C04F79EFBC}") = "NETFramework.ClassLibrary", "Samples\NETFramework.ClassLibrary\NETFramework.ClassLibrary.csproj", "{5EB00C1B-CCEB-44EB-A7A5-244AD4C03ED6}"
EndProject
Project("{FAE04EC0-301F-11D3-BF4B-00C04F79EFBC}") = "NETStandard.ClassLibrary", "Samples\NETStandard.ClassLibrary\NETStandard.ClassLibrary.csproj", "{EA661681-E2C4-4272-B584-A42D852D4B9F}"
EndProject
Project("{2150E333-8FDC-42A3-9474-1A3956D46DE8}") = "Solution Items", "Solution Items", "{3831F792-A8D1-439C-AB2C-4EE7BD30E1A1}"
	ProjectSection(SolutionItems) = preProject
		Samples\Directory.Build.props = Samples\Directory.Build.props
		Samples\Directory.Build.targets = Samples\Directory.Build.targets
	EndProjectSection
EndProject
Global
	GlobalSection(SolutionConfigurationPlatforms) = preSolution
		Debug|Any CPU = Debug|Any CPU
		Release|Any CPU = Release|Any CPU
	EndGlobalSection
	GlobalSection(ProjectConfigurationPlatforms) = postSolution
		{5EB00C1B-CCEB-44EB-A7A5-244AD4C03ED6}.Debug|Any CPU.ActiveCfg = Debug|Any CPU
		{5EB00C1B-CCEB-44EB-A7A5-244AD4C03ED6}.Debug|Any CPU.Build.0 = Debug|Any CPU
		{5EB00C1B-CCEB-44EB-A7A5-244AD4C03ED6}.Release|Any CPU.ActiveCfg = Release|Any CPU
		{5EB00C1B-CCEB-44EB-A7A5-244AD4C03ED6}.Release|Any CPU.Build.0 = Release|Any CPU
		{EA661681-E2C4-4272-B584-A42D852D4B9F}.Debug|Any CPU.ActiveCfg = Debug|Any CPU
		{EA661681-E2C4-4272-B584-A42D852D4B9F}.Debug|Any CPU.Build.0 = Debug|Any CPU
		{EA661681-E2C4-4272-B584-A42D852D4B9F}.Release|Any CPU.ActiveCfg = Release|Any CPU
		{EA661681-E2C4-4272-B584-A42D852D4B9F}.Release|Any CPU.Build.0 = Release|Any CPU
	EndGlobalSection
	GlobalSection(SolutionProperties) = preSolution
		HideSolutionNode = FALSE
	EndGlobalSection
	GlobalSection(ExtensibilityGlobals) = postSolution
		SolutionGuid = {29116422-B497-42E7-B733-65C24AF82BB2}
	EndGlobalSection
EndGlobal
